
Microsoft Visual Studio Solution File, Format Version 12.00
# Visual Studio Version 16
VisualStudioVersion = 16.0.28803.202
MinimumVisualStudioVersion = 10.0.40219.1
Project("{9A19103F-16F7-4668-BE54-9A1E7A4F7556}") = "DNet_Communication", "DNet_Communication\DNet_Communication.csproj", "{600A9E5E-4FA7-4DE7-980F-F0F4FD156B6F}"
EndProject
Project("{9A19103F-16F7-4668-BE54-9A1E7A4F7556}") = "DNet_Controllers", "DNet_Controllers\DNet_Controllers.csproj", "{74AFB02F-DCA6-4356-AE50-216E66BDF19E}"
EndProject
Project("{9A19103F-16F7-4668-BE54-9A1E7A4F7556}") = "DNet_Processing", "DNet_Processing\DNet_Processing.csproj", "{C8173449-C06B-42CF-8412-DAB879E17B37}"
EndProject
Project("{9A19103F-16F7-4668-BE54-9A1E7A4F7556}") = "DNet_Manager", "DNet_Manager\DNet_Manager.csproj", "{1AC479FA-896D-4C98-B545-D41E9A7724D4}"
EndProject
Project("{9A19103F-16F7-4668-BE54-9A1E7A4F7556}") = "DNet_Hub", "DNet_Hub\DNet_Hub.csproj", "{0B9FE73B-8EC1-43AF-AD7D-C28DF4D6123D}"
EndProject
Project("{2150E333-8FDC-42A3-9474-1A3956D46DE8}") = "Solution Items", "Solution Items", "{BEBA127B-F488-4D68-8070-886CE0D9356F}"
	ProjectSection(SolutionItems) = preProject
		nlog.config = nlog.config
	EndProjectSection
EndProject
Project("{9A19103F-16F7-4668-BE54-9A1E7A4F7556}") = "DNet_DataContracts", "DNet_DataContracts\DNet_DataContracts.csproj", "{F71EF883-B1F8-418D-A764-4BFB4297FD26}"
EndProject
Project("{2150E333-8FDC-42A3-9474-1A3956D46DE8}") = "DockerFiles", "DockerFiles", "{A54C95D0-CEA9-4B41-AAC9-7930FC69AABF}"
EndProject
Project("{FAE04EC0-301F-11D3-BF4B-00C04F79EFBC}") = "DNet_UI_Module.Server", "DNet_UI_Module.Server\DNet_UI_Module.Server.csproj", "{A80739F8-F278-458B-9022-4D78BFA219CB}"
EndProject
Project("{FAE04EC0-301F-11D3-BF4B-00C04F79EFBC}") = "DNet_UI_Module.Client", "DNet_UI_Module.Client\DNet_UI_Module.Client.csproj", "{80674731-E22B-4946-BA02-E6575F03674F}"
EndProject
Project("{FAE04EC0-301F-11D3-BF4B-00C04F79EFBC}") = "DNet_UI_Module.Shared", "DNet_UI_Module.Shared\DNet_UI_Module.Shared.csproj", "{7A6BED08-7644-4437-A562-84EB59B95350}"
EndProject
Global
	GlobalSection(SolutionConfigurationPlatforms) = preSolution
		Debug|Any CPU = Debug|Any CPU
		Release|Any CPU = Release|Any CPU
	EndGlobalSection
	GlobalSection(ProjectConfigurationPlatforms) = postSolution
		{600A9E5E-4FA7-4DE7-980F-F0F4FD156B6F}.Debug|Any CPU.ActiveCfg = Debug|Any CPU
		{600A9E5E-4FA7-4DE7-980F-F0F4FD156B6F}.Debug|Any CPU.Build.0 = Debug|Any CPU
		{600A9E5E-4FA7-4DE7-980F-F0F4FD156B6F}.Release|Any CPU.ActiveCfg = Release|Any CPU
		{600A9E5E-4FA7-4DE7-980F-F0F4FD156B6F}.Release|Any CPU.Build.0 = Release|Any CPU
		{74AFB02F-DCA6-4356-AE50-216E66BDF19E}.Debug|Any CPU.ActiveCfg = Debug|Any CPU
		{74AFB02F-DCA6-4356-AE50-216E66BDF19E}.Debug|Any CPU.Build.0 = Debug|Any CPU
		{74AFB02F-DCA6-4356-AE50-216E66BDF19E}.Release|Any CPU.ActiveCfg = Release|Any CPU
		{74AFB02F-DCA6-4356-AE50-216E66BDF19E}.Release|Any CPU.Build.0 = Release|Any CPU
		{C8173449-C06B-42CF-8412-DAB879E17B37}.Debug|Any CPU.ActiveCfg = Debug|Any CPU
		{C8173449-C06B-42CF-8412-DAB879E17B37}.Debug|Any CPU.Build.0 = Debug|Any CPU
		{C8173449-C06B-42CF-8412-DAB879E17B37}.Release|Any CPU.ActiveCfg = Release|Any CPU
		{C8173449-C06B-42CF-8412-DAB879E17B37}.Release|Any CPU.Build.0 = Release|Any CPU
		{1AC479FA-896D-4C98-B545-D41E9A7724D4}.Debug|Any CPU.ActiveCfg = Debug|Any CPU
		{1AC479FA-896D-4C98-B545-D41E9A7724D4}.Debug|Any CPU.Build.0 = Debug|Any CPU
		{1AC479FA-896D-4C98-B545-D41E9A7724D4}.Release|Any CPU.ActiveCfg = Release|Any CPU
		{1AC479FA-896D-4C98-B545-D41E9A7724D4}.Release|Any CPU.Build.0 = Release|Any CPU
		{0B9FE73B-8EC1-43AF-AD7D-C28DF4D6123D}.Debug|Any CPU.ActiveCfg = Debug|Any CPU
		{0B9FE73B-8EC1-43AF-AD7D-C28DF4D6123D}.Debug|Any CPU.Build.0 = Debug|Any CPU
		{0B9FE73B-8EC1-43AF-AD7D-C28DF4D6123D}.Release|Any CPU.ActiveCfg = Release|Any CPU
		{0B9FE73B-8EC1-43AF-AD7D-C28DF4D6123D}.Release|Any CPU.Build.0 = Release|Any CPU
		{F71EF883-B1F8-418D-A764-4BFB4297FD26}.Debug|Any CPU.ActiveCfg = Debug|Any CPU
		{F71EF883-B1F8-418D-A764-4BFB4297FD26}.Debug|Any CPU.Build.0 = Debug|Any CPU
		{F71EF883-B1F8-418D-A764-4BFB4297FD26}.Release|Any CPU.ActiveCfg = Release|Any CPU
		{F71EF883-B1F8-418D-A764-4BFB4297FD26}.Release|Any CPU.Build.0 = Release|Any CPU
		{A80739F8-F278-458B-9022-4D78BFA219CB}.Debug|Any CPU.ActiveCfg = Debug|Any CPU
		{A80739F8-F278-458B-9022-4D78BFA219CB}.Debug|Any CPU.Build.0 = Debug|Any CPU
		{A80739F8-F278-458B-9022-4D78BFA219CB}.Release|Any CPU.ActiveCfg = Release|Any CPU
		{A80739F8-F278-458B-9022-4D78BFA219CB}.Release|Any CPU.Build.0 = Release|Any CPU
		{80674731-E22B-4946-BA02-E6575F03674F}.Debug|Any CPU.ActiveCfg = Debug|Any CPU
		{80674731-E22B-4946-BA02-E6575F03674F}.Debug|Any CPU.Build.0 = Debug|Any CPU
		{80674731-E22B-4946-BA02-E6575F03674F}.Release|Any CPU.ActiveCfg = Release|Any CPU
		{80674731-E22B-4946-BA02-E6575F03674F}.Release|Any CPU.Build.0 = Release|Any CPU
		{7A6BED08-7644-4437-A562-84EB59B95350}.Debug|Any CPU.ActiveCfg = Debug|Any CPU
		{7A6BED08-7644-4437-A562-84EB59B95350}.Debug|Any CPU.Build.0 = Debug|Any CPU
		{7A6BED08-7644-4437-A562-84EB59B95350}.Release|Any CPU.ActiveCfg = Release|Any CPU
		{7A6BED08-7644-4437-A562-84EB59B95350}.Release|Any CPU.Build.0 = Release|Any CPU
	EndGlobalSection
	GlobalSection(SolutionProperties) = preSolution
		HideSolutionNode = FALSE
	EndGlobalSection
	GlobalSection(NestedProjects) = preSolution
		{A54C95D0-CEA9-4B41-AAC9-7930FC69AABF} = {BEBA127B-F488-4D68-8070-886CE0D9356F}
	EndGlobalSection
	GlobalSection(ExtensibilityGlobals) = postSolution
		SolutionGuid = {5FD486BB-79C0-4756-B7AA-47F957DFD129}
	EndGlobalSection
EndGlobal
